
Microsoft Visual Studio Solution File, Format Version 12.00
# Visual Studio Version 17
VisualStudioVersion = 17.4.33205.214
MinimumVisualStudioVersion = 10.0.40219.1
Project("{FAE04EC0-301F-11D3-BF4B-00C04F79EFBC}") = "AppBar", "AppBar.csproj", "{22F10874-D3FB-41F6-A4CA-2AFCD5E8984B}"
EndProject
Global
	GlobalSection(SolutionConfigurationPlatforms) = preSolution
		Debug|Any CPU = Debug|Any CPU
		Release|Any CPU = Release|Any CPU
	EndGlobalSection
	GlobalSection(ProjectConfigurationPlatforms) = postSolution
		{22F10874-D3FB-41F6-A4CA-2AFCD5E8984B}.Debug|Any CPU.ActiveCfg = Debug|Any CPU
		{22F10874-D3FB-41F6-A4CA-2AFCD5E8984B}.Debug|Any CPU.Build.0 = Debug|Any CPU
		{22F10874-D3FB-41F6-A4CA-2AFCD5E8984B}.Release|Any CPU.ActiveCfg = Release|Any CPU
		{22F10874-D3FB-41F6-A4CA-2AFCD5E8984B}.Release|Any CPU.Build.0 = Release|Any CPU
	EndGlobalSection
	GlobalSection(SolutionProperties) = preSolution
		HideSolutionNode = FALSE
	EndGlobalSection
	GlobalSection(ExtensibilityGlobals) = postSolution
		SolutionGuid = {1B9F4A92-622C-42B7-9435-CF6C4E3507AC}
	EndGlobalSection
EndGlobal
